{
    "_readme": [
        "This file locks the dependencies of your project to a known state",
        "Read more about it at https://getcomposer.org/doc/01-basic-usage.md#composer-lock-the-lock-file",
        "This file is @generated automatically"
    ],
    "hash": "310a289ef0721a1d819929d829cb0af5",
    "content-hash": "f63b3e07ede088f5b4ad40bf43cece02",
    "packages": [
        {
            "name": "ufds/libcommon",
            "version": "dev-master",
            "source": {
                "type": "git",
                "url": "http://dev/git/ufds/libcommon.git",
                "reference": "54f491fa74ff3dce4502c4bb230a52ac6eaef7dc"
            },
            "type": "library",
            "autoload": {
                "psr-4": {
                    "ufds\\": [
                        "common/"
                    ]
                }
            },
            "license": [
                "UFDS privat"
            ],
            "description": "UFDS common library",
            "time": "2016-08-05 11:18:57"
        }
    ],
    "packages-dev": [],
    "aliases": [],
    "minimum-stability": "stable",
    "stability-flags": {
        "ufds/libcommon": 20
    },
    "prefer-stable": false,
    "prefer-lowest": false,
    "platform": [],
    "platform-dev": [],
    "platform-overrides": {
        "php": "5.4"
    }
}
